{
    "_readme": [
        "This file locks the dependencies of your project to a known state",
        "Read more about it at https://getcomposer.org/doc/01-basic-usage.md#composer-lock-the-lock-file",
        "This file is @generated automatically"
    ],
    "hash": "82ab611fe3c2edc5d50f6764baa72e75",
    "packages": [],
    "packages-dev": [],
    "aliases": [],
    "minimum-stability": "stable",
    "stability-flags": [],
    "prefer-stable": false,
    "prefer-lowest": false,
    "platform": {
        "lib-curl": "^7.38",
        "ext-curl": "^0.0.0",
        "ext-json": "^1.2",
        "php": "^5.4"
    },
    "platform-dev": []
}
